// !$*UTF8*$!
{
	archiveVersion = 1;
	classes = {
	};
	objectVersion = 56;
	objects = {

/* Begin PBXBuildFile section */
		CAEB85BC2B876DA400E4B2D8 /* Astronaut.swift in Sources */ = {isa = PBXBuildFile; fileRef = CAEB85BB2B876DA400E4B2D8 /* Astronaut.swift */; };
		CAEB85BE2B876DAE00E4B2D8 /* Mission.swift in Sources */ = {isa = PBXBuildFile; fileRef = CAEB85BD2B876DAE00E4B2D8 /* Mission.swift */; };
		CAEB85C02B876DCE00E4B2D8 /* Bundle-Decodable.swift in Sources */ = {isa = PBXBuildFile; fileRef = CAEB85BF2B876DCE00E4B2D8 /* Bundle-Decodable.swift */; };
		CAEB85C32B87CC2C00E4B2D8 /* astronauts.json in Resources */ = {isa = PBXBuildFile; fileRef = CAEB85C12B87CC2C00E4B2D8 /* astronauts.json */; };
		CAEB85C42B87CC2C00E4B2D8 /* missions.json in Resources */ = {isa = PBXBuildFile; fileRef = CAEB85C22B87CC2C00E4B2D8 /* missions.json */; };
		CAEB85C62B87D85E00E4B2D8 /* ColorTheme.swift in Sources */ = {isa = PBXBuildFile; fileRef = CAEB85C52B87D85E00E4B2D8 /* ColorTheme.swift */; };
		CAEB85C82B87DFD500E4B2D8 /* MissionView.swift in Sources */ = {isa = PBXBuildFile; fileRef = CAEB85C72B87DFD500E4B2D8 /* MissionView.swift */; };
		CAEB85CA2B8A768F00E4B2D8 /* AstronautView.swift in Sources */ = {isa = PBXBuildFile; fileRef = CAEB85C92B8A768F00E4B2D8 /* AstronautView.swift */; };
		CAF12EFD2B87449A00E347B6 /* MoonshotApp.swift in Sources */ = {isa = PBXBuildFile; fileRef = CAF12EFC2B87449A00E347B6 /* MoonshotApp.swift */; };
		CAF12EFF2B87449A00E347B6 /* ContentView.swift in Sources */ = {isa = PBXBuildFile; fileRef = CAF12EFE2B87449A00E347B6 /* ContentView.swift */; };
		CAF12F012B87449B00E347B6 /* Assets.xcassets in Resources */ = {isa = PBXBuildFile; fileRef = CAF12F002B87449B00E347B6 /* Assets.xcassets */; };
		CAF12F042B87449B00E347B6 /* Preview Assets.xcassets in Resources */ = {isa = PBXBuildFile; fileRef = CAF12F032B87449B00E347B6 /* Preview Assets.xcassets */; };
		CAF12F0B2B87456800E347B6 /* ContenttViewResizingImages.swift in Sources */ = {isa = PBXBuildFile; fileRef = CAF12F0A2B87456800E347B6 /* ContenttViewResizingImages.swift */; };
		CAF12F0D2B874C3F00E347B6 /* ScrollViewLetsUsWorkWithScrollingData.swift in Sources */ = {isa = PBXBuildFile; fileRef = CAF12F0C2B874C3E00E347B6 /* ScrollViewLetsUsWorkWithScrollingData.swift */; };
		CAF12F0F2B87519300E347B6 /* PushingNewViewsOntoTheStackUsingNavigationLink.swift in Sources */ = {isa = PBXBuildFile; fileRef = CAF12F0E2B87519300E347B6 /* PushingNewViewsOntoTheStackUsingNavigationLink.swift */; };
		CAF12F112B87563C00E347B6 /* WorkingWithHierarchicalCodableData.swift in Sources */ = {isa = PBXBuildFile; fileRef = CAF12F102B87563C00E347B6 /* WorkingWithHierarchicalCodableData.swift */; };
		CAF12F132B8759B300E347B6 /* HowToLayOutViewsInaScrollingGrid.swift in Sources */ = {isa = PBXBuildFile; fileRef = CAF12F122B8759B300E347B6 /* HowToLayOutViewsInaScrollingGrid.swift */; };
/* End PBXBuildFile section */

/* Begin PBXFileReference section */
		CAEB85BB2B876DA400E4B2D8 /* Astronaut.swift */ = {isa = PBXFileReference; fileEncoding = 4; lastKnownFileType = sourcecode.swift; path = Astronaut.swift; sourceTree = "<group>"; };
		CAEB85BD2B876DAE00E4B2D8 /* Mission.swift */ = {isa = PBXFileReference; fileEncoding = 4; lastKnownFileType = sourcecode.swift; path = Mission.swift; sourceTree = "<group>"; };
		CAEB85BF2B876DCE00E4B2D8 /* Bundle-Decodable.swift */ = {isa = PBXFileReference; fileEncoding = 4; lastKnownFileType = sourcecode.swift; path = "Bundle-Decodable.swift"; sourceTree = "<group>"; };
		CAEB85C12B87CC2C00E4B2D8 /* astronauts.json */ = {isa = PBXFileReference; fileEncoding = 4; lastKnownFileType = text.json; path = astronauts.json; sourceTree = "<group>"; };
		CAEB85C22B87CC2C00E4B2D8 /* missions.json */ = {isa = PBXFileReference; fileEncoding = 4; lastKnownFileType = text.json; path = missions.json; sourceTree = "<group>"; };
		CAEB85C52B87D85E00E4B2D8 /* ColorTheme.swift */ = {isa = PBXFileReference; lastKnownFileType = sourcecode.swift; path = ColorTheme.swift; sourceTree = "<group>"; };
		CAEB85C72B87DFD500E4B2D8 /* MissionView.swift */ = {isa = PBXFileReference; lastKnownFileType = sourcecode.swift; path = MissionView.swift; sourceTree = "<group>"; };
		CAEB85C92B8A768F00E4B2D8 /* AstronautView.swift */ = {isa = PBXFileReference; lastKnownFileType = sourcecode.swift; path = AstronautView.swift; sourceTree = "<group>"; };
		CAF12EF92B87449A00E347B6 /* Moonshot.app */ = {isa = PBXFileReference; explicitFileType = wrapper.application; includeInIndex = 0; path = Moonshot.app; sourceTree = BUILT_PRODUCTS_DIR; };
		CAF12EFC2B87449A00E347B6 /* MoonshotApp.swift */ = {isa = PBXFileReference; lastKnownFileType = sourcecode.swift; path = MoonshotApp.swift; sourceTree = "<group>"; };
		CAF12EFE2B87449A00E347B6 /* ContentView.swift */ = {isa = PBXFileReference; lastKnownFileType = sourcecode.swift; path = ContentView.swift; sourceTree = "<group>"; };
		CAF12F002B87449B00E347B6 /* Assets.xcassets */ = {isa = PBXFileReference; lastKnownFileType = folder.assetcatalog; path = Assets.xcassets; sourceTree = "<group>"; };
		CAF12F032B87449B00E347B6 /* Preview Assets.xcassets */ = {isa = PBXFileReference; lastKnownFileType = folder.assetcatalog; path = "Preview Assets.xcassets"; sourceTree = "<group>"; };
		CAF12F0A2B87456800E347B6 /* ContenttViewResizingImages.swift */ = {isa = PBXFileReference; lastKnownFileType = sourcecode.swift; path = ContenttViewResizingImages.swift; sourceTree = "<group>"; };
		CAF12F0C2B874C3E00E347B6 /* ScrollViewLetsUsWorkWithScrollingData.swift */ = {isa = PBXFileReference; lastKnownFileType = sourcecode.swift; path = ScrollViewLetsUsWorkWithScrollingData.swift; sourceTree = "<group>"; };
		CAF12F0E2B87519300E347B6 /* PushingNewViewsOntoTheStackUsingNavigationLink.swift */ = {isa = PBXFileReference; lastKnownFileType = sourcecode.swift; path = PushingNewViewsOntoTheStackUsingNavigationLink.swift; sourceTree = "<group>"; };
		CAF12F102B87563C00E347B6 /* WorkingWithHierarchicalCodableData.swift */ = {isa = PBXFileReference; lastKnownFileType = sourcecode.swift; path = WorkingWithHierarchicalCodableData.swift; sourceTree = "<group>"; };
		CAF12F122B8759B300E347B6 /* HowToLayOutViewsInaScrollingGrid.swift */ = {isa = PBXFileReference; lastKnownFileType = sourcecode.swift; path = HowToLayOutViewsInaScrollingGrid.swift; sourceTree = "<group>"; };
/* End PBXFileReference section */

/* Begin PBXFrameworksBuildPhase section */
		CAF12EF62B87449A00E347B6 /* Frameworks */ = {
			isa = PBXFrameworksBuildPhase;
			buildActionMask = 2147483647;
			files = (
			);
			runOnlyForDeploymentPostprocessing = 0;
		};
/* End PBXFrameworksBuildPhase section */

/* Begin PBXGroup section */
		CAF12EF02B87449A00E347B6 = {
			isa = PBXGroup;
			children = (
				CAF12EFB2B87449A00E347B6 /* Moonshot */,
				CAF12EFA2B87449A00E347B6 /* Products */,
			);
			sourceTree = "<group>";
		};
		CAF12EFA2B87449A00E347B6 /* Products */ = {
			isa = PBXGroup;
			children = (
				CAF12EF92B87449A00E347B6 /* Moonshot.app */,
			);
			name = Products;
			sourceTree = "<group>";
		};
		CAF12EFB2B87449A00E347B6 /* Moonshot */ = {
			isa = PBXGroup;
			children = (
				CAF12EFC2B87449A00E347B6 /* MoonshotApp.swift */,
				CAF12EFE2B87449A00E347B6 /* ContentView.swift */,
				CAEB85C72B87DFD500E4B2D8 /* MissionView.swift */,
				CAEB85C92B8A768F00E4B2D8 /* AstronautView.swift */,
				CAEB85BB2B876DA400E4B2D8 /* Astronaut.swift */,
				CAEB85BD2B876DAE00E4B2D8 /* Mission.swift */,
				CAEB85BF2B876DCE00E4B2D8 /* Bundle-Decodable.swift */,
				CAEB85C52B87D85E00E4B2D8 /* ColorTheme.swift */,
				CAEB85C12B87CC2C00E4B2D8 /* astronauts.json */,
				CAEB85C22B87CC2C00E4B2D8 /* missions.json */,
				CAF12F002B87449B00E347B6 /* Assets.xcassets */,
				CAF12F022B87449B00E347B6 /* Preview Content */,
				CAF12F162B875D2F00E347B6 /* MomeWorkFoDays */,
			);
			path = Moonshot;
			sourceTree = "<group>";
		};
		CAF12F022B87449B00E347B6 /* Preview Content */ = {
			isa = PBXGroup;
			children = (
				CAF12F032B87449B00E347B6 /* Preview Assets.xcassets */,
			);
			path = "Preview Content";
			sourceTree = "<group>";
		};
		CAF12F162B875D2F00E347B6 /* MomeWorkFoDays */ = {
			isa = PBXGroup;
			children = (
				CAF12F0C2B874C3E00E347B6 /* ScrollViewLetsUsWorkWithScrollingData.swift */,
				CAF12F0E2B87519300E347B6 /* PushingNewViewsOntoTheStackUsingNavigationLink.swift */,
				CAF12F102B87563C00E347B6 /* WorkingWithHierarchicalCodableData.swift */,
				CAF12F122B8759B300E347B6 /* HowToLayOutViewsInaScrollingGrid.swift */,
				CAF12F0A2B87456800E347B6 /* ContenttViewResizingImages.swift */,
			);
			path = MomeWorkFoDays;
			sourceTree = "<group>";
		};
/* End PBXGroup section */

/* Begin PBXNativeTarget section */
		CAF12EF82B87449A00E347B6 /* Moonshot */ = {
			isa = PBXNativeTarget;
			buildConfigurationList = CAF12F072B87449B00E347B6 /* Build configuration list for PBXNativeTarget "Moonshot" */;
			buildPhases = (
				CAF12EF52B87449A00E347B6 /* Sources */,
				CAF12EF62B87449A00E347B6 /* Frameworks */,
				CAF12EF72B87449A00E347B6 /* Resources */,
			);
			buildRules = (
			);
			dependencies = (
			);
			name = Moonshot;
			productName = Moonshot;
			productReference = CAF12EF92B87449A00E347B6 /* Moonshot.app */;
			productType = "com.apple.product-type.application";
		};
/* End PBXNativeTarget section */

/* Begin PBXProject section */
		CAF12EF12B87449A00E347B6 /* Project object */ = {
			isa = PBXProject;
			attributes = {
				BuildIndependentTargetsInParallel = 1;
				LastSwiftUpdateCheck = 1520;
				LastUpgradeCheck = 1520;
				TargetAttributes = {
					CAF12EF82B87449A00E347B6 = {
						CreatedOnToolsVersion = 15.2;
					};
				};
			};
			buildConfigurationList = CAF12EF42B87449A00E347B6 /* Build configuration list for PBXProject "Moonshot" */;
			compatibilityVersion = "Xcode 14.0";
			developmentRegion = en;
			hasScannedForEncodings = 0;
			knownRegions = (
				en,
				Base,
			);
			mainGroup = CAF12EF02B87449A00E347B6;
			productRefGroup = CAF12EFA2B87449A00E347B6 /* Products */;
			projectDirPath = "";
			projectRoot = "";
			targets = (
				CAF12EF82B87449A00E347B6 /* Moonshot */,
			);
		};
/* End PBXProject section */

/* Begin PBXResourcesBuildPhase section */
		CAF12EF72B87449A00E347B6 /* Resources */ = {
			isa = PBXResourcesBuildPhase;
			buildActionMask = 2147483647;
			files = (
				CAEB85C32B87CC2C00E4B2D8 /* astronauts.json in Resources */,
				CAF12F042B87449B00E347B6 /* Preview Assets.xcassets in Resources */,
				CAEB85C42B87CC2C00E4B2D8 /* missions.json in Resources */,
				CAF12F012B87449B00E347B6 /* Assets.xcassets in Resources */,
			);
			runOnlyForDeploymentPostprocessing = 0;
		};
/* End PBXResourcesBuildPhase section */

/* Begin PBXSourcesBuildPhase section */
		CAF12EF52B87449A00E347B6 /* Sources */ = {
			isa = PBXSourcesBuildPhase;
			buildActionMask = 2147483647;
			files = (
				CAF12EFF2B87449A00E347B6 /* ContentView.swift in Sources */,
				CAF12EFD2B87449A00E347B6 /* MoonshotApp.swift in Sources */,
				CAF12F0D2B874C3F00E347B6 /* ScrollViewLetsUsWorkWithScrollingData.swift in Sources */,
				CAEB85BC2B876DA400E4B2D8 /* Astronaut.swift in Sources */,
				CAF12F0B2B87456800E347B6 /* ContenttViewResizingImages.swift in Sources */,
				CAEB85C82B87DFD500E4B2D8 /* MissionView.swift in Sources */,
				CAF12F0F2B87519300E347B6 /* PushingNewViewsOntoTheStackUsingNavigationLink.swift in Sources */,
				CAEB85BE2B876DAE00E4B2D8 /* Mission.swift in Sources */,
				CAEB85C02B876DCE00E4B2D8 /* Bundle-Decodable.swift in Sources */,
				CAEB85CA2B8A768F00E4B2D8 /* AstronautView.swift in Sources */,
				CAF12F132B8759B300E347B6 /* HowToLayOutViewsInaScrollingGrid.swift in Sources */,
				CAEB85C62B87D85E00E4B2D8 /* ColorTheme.swift in Sources */,
				CAF12F112B87563C00E347B6 /* WorkingWithHierarchicalCodableData.swift in Sources */,
			);
			runOnlyForDeploymentPostprocessing = 0;
		};
/* End PBXSourcesBuildPhase section */

/* Begin XCBuildConfiguration section */
		CAF12F052B87449B00E347B6 /* Debug */ = {
			isa = XCBuildConfiguration;
			buildSettings = {
				ALWAYS_SEARCH_USER_PATHS = NO;
				ASSETCATALOG_COMPILER_GENERATE_SWIFT_ASSET_SYMBOL_EXTENSIONS = YES;
				CLANG_ANALYZER_NONNULL = YES;
				CLANG_ANALYZER_NUMBER_OBJECT_CONVERSION = YES_AGGRESSIVE;
				CLANG_CXX_LANGUAGE_STANDARD = "gnu++20";
				CLANG_ENABLE_MODULES = YES;
				CLANG_ENABLE_OBJC_ARC = YES;
				CLANG_ENABLE_OBJC_WEAK = YES;
				CLANG_WARN_BLOCK_CAPTURE_AUTORELEASING = YES;
				CLANG_WARN_BOOL_CONVERSION = YES;
				CLANG_WARN_COMMA = YES;
				CLANG_WARN_CONSTANT_CONVERSION = YES;
				CLANG_WARN_DEPRECATED_OBJC_IMPLEMENTATIONS = YES;
				CLANG_WARN_DIRECT_OBJC_ISA_USAGE = YES_ERROR;
				CLANG_WARN_DOCUMENTATION_COMMENTS = YES;
				CLANG_WARN_EMPTY_BODY = YES;
				CLANG_WARN_ENUM_CONVERSION = YES;
				CLANG_WARN_INFINITE_RECURSION = YES;
				CLANG_WARN_INT_CONVERSION = YES;
				CLANG_WARN_NON_LITERAL_NULL_CONVERSION = YES;
				CLANG_WARN_OBJC_IMPLICIT_RETAIN_SELF = YES;
				CLANG_WARN_OBJC_LITERAL_CONVERSION = YES;
				CLANG_WARN_OBJC_ROOT_CLASS = YES_ERROR;
				CLANG_WARN_QUOTED_INCLUDE_IN_FRAMEWORK_HEADER = YES;
				CLANG_WARN_RANGE_LOOP_ANALYSIS = YES;
				CLANG_WARN_STRICT_PROTOTYPES = YES;
				CLANG_WARN_SUSPICIOUS_MOVE = YES;
				CLANG_WARN_UNGUARDED_AVAILABILITY = YES_AGGRESSIVE;
				CLANG_WARN_UNREACHABLE_CODE = YES;
				CLANG_WARN__DUPLICATE_METHOD_MATCH = YES;
				COPY_PHASE_STRIP = NO;
				DEBUG_INFORMATION_FORMAT = dwarf;
				ENABLE_STRICT_OBJC_MSGSEND = YES;
				ENABLE_TESTABILITY = YES;
				ENABLE_USER_SCRIPT_SANDBOXING = YES;
				GCC_C_LANGUAGE_STANDARD = gnu17;
				GCC_DYNAMIC_NO_PIC = NO;
				GCC_NO_COMMON_BLOCKS = YES;
				GCC_OPTIMIZATION_LEVEL = 0;
				GCC_PREPROCESSOR_DEFINITIONS = (
					"DEBUG=1",
					"$(inherited)",
				);
				GCC_WARN_64_TO_32_BIT_CONVERSION = YES;
				GCC_WARN_ABOUT_RETURN_TYPE = YES_ERROR;
				GCC_WARN_UNDECLARED_SELECTOR = YES;
				GCC_WARN_UNINITIALIZED_AUTOS = YES_AGGRESSIVE;
				GCC_WARN_UNUSED_FUNCTION = YES;
				GCC_WARN_UNUSED_VARIABLE = YES;
				IPHONEOS_DEPLOYMENT_TARGET = 17.2;
				LOCALIZATION_PREFERS_STRING_CATALOGS = YES;
				MTL_ENABLE_DEBUG_INFO = INCLUDE_SOURCE;
				MTL_FAST_MATH = YES;
				ONLY_ACTIVE_ARCH = YES;
				SDKROOT = iphoneos;
				SWIFT_ACTIVE_COMPILATION_CONDITIONS = "DEBUG $(inherited)";
				SWIFT_OPTIMIZATION_LEVEL = "-Onone";
			};
			name = Debug;
		};
		CAF12F062B87449B00E347B6 /* Release */ = {
			isa = XCBuildConfiguration;
			buildSettings = {
				ALWAYS_SEARCH_USER_PATHS = NO;
				ASSETCATALOG_COMPILER_GENERATE_SWIFT_ASSET_SYMBOL_EXTENSIONS = YES;
				CLANG_ANALYZER_NONNULL = YES;
				CLANG_ANALYZER_NUMBER_OBJECT_CONVERSION = YES_AGGRESSIVE;
				CLANG_CXX_LANGUAGE_STANDARD = "gnu++20";
				CLANG_ENABLE_MODULES = YES;
				CLANG_ENABLE_OBJC_ARC = YES;
				CLANG_ENABLE_OBJC_WEAK = YES;
				CLANG_WARN_BLOCK_CAPTURE_AUTORELEASING = YES;
				CLANG_WARN_BOOL_CONVERSION = YES;
				CLANG_WARN_COMMA = YES;
				CLANG_WARN_CONSTANT_CONVERSION = YES;
				CLANG_WARN_DEPRECATED_OBJC_IMPLEMENTATIONS = YES;
				CLANG_WARN_DIRECT_OBJC_ISA_USAGE = YES_ERROR;
				CLANG_WARN_DOCUMENTATION_COMMENTS = YES;
				CLANG_WARN_EMPTY_BODY = YES;
				CLANG_WARN_ENUM_CONVERSION = YES;
				CLANG_WARN_INFINITE_RECURSION = YES;
				CLANG_WARN_INT_CONVERSION = YES;
				CLANG_WARN_NON_LITERAL_NULL_CONVERSION = YES;
				CLANG_WARN_OBJC_IMPLICIT_RETAIN_SELF = YES;
				CLANG_WARN_OBJC_LITERAL_CONVERSION = YES;
				CLANG_WARN_OBJC_ROOT_CLASS = YES_ERROR;
				CLANG_WARN_QUOTED_INCLUDE_IN_FRAMEWORK_HEADER = YES;
				CLANG_WARN_RANGE_LOOP_ANALYSIS = YES;
				CLANG_WARN_STRICT_PROTOTYPES = YES;
				CLANG_WARN_SUSPICIOUS_MOVE = YES;
				CLANG_WARN_UNGUARDED_AVAILABILITY = YES_AGGRESSIVE;
				CLANG_WARN_UNREACHABLE_CODE = YES;
				CLANG_WARN__DUPLICATE_METHOD_MATCH = YES;
				COPY_PHASE_STRIP = NO;
				DEBUG_INFORMATION_FORMAT = "dwarf-with-dsym";
				ENABLE_NS_ASSERTIONS = NO;
				ENABLE_STRICT_OBJC_MSGSEND = YES;
				ENABLE_USER_SCRIPT_SANDBOXING = YES;
				GCC_C_LANGUAGE_STANDARD = gnu17;
				GCC_NO_COMMON_BLOCKS = YES;
				GCC_WARN_64_TO_32_BIT_CONVERSION = YES;
				GCC_WARN_ABOUT_RETURN_TYPE = YES_ERROR;
				GCC_WARN_UNDECLARED_SELECTOR = YES;
				GCC_WARN_UNINITIALIZED_AUTOS = YES_AGGRESSIVE;
				GCC_WARN_UNUSED_FUNCTION = YES;
				GCC_WARN_UNUSED_VARIABLE = YES;
				IPHONEOS_DEPLOYMENT_TARGET = 17.2;
				LOCALIZATION_PREFERS_STRING_CATALOGS = YES;
				MTL_ENABLE_DEBUG_INFO = NO;
				MTL_FAST_MATH = YES;
				SDKROOT = iphoneos;
				SWIFT_COMPILATION_MODE = wholemodule;
				VALIDATE_PRODUCT = YES;
			};
			name = Release;
		};
		CAF12F082B87449B00E347B6 /* Debug */ = {
			isa = XCBuildConfiguration;
			buildSettings = {
				ASSETCATALOG_COMPILER_APPICON_NAME = AppIcon;
				ASSETCATALOG_COMPILER_GLOBAL_ACCENT_COLOR_NAME = AccentColor;
				CODE_SIGN_STYLE = Automatic;
				CURRENT_PROJECT_VERSION = 1;
				DEVELOPMENT_ASSET_PATHS = "\"Moonshot/Preview Content\"";
				DEVELOPMENT_TEAM = VY6BU9F56X;
				ENABLE_PREVIEWS = YES;
				GENERATE_INFOPLIST_FILE = YES;
				INFOPLIST_KEY_UIApplicationSceneManifest_Generation = YES;
				INFOPLIST_KEY_UIApplicationSupportsIndirectInputEvents = YES;
				INFOPLIST_KEY_UILaunchScreen_Generation = YES;
				INFOPLIST_KEY_UISupportedInterfaceOrientations_iPad = "UIInterfaceOrientationPortrait UIInterfaceOrientationPortraitUpsideDown UIInterfaceOrientationLandscapeLeft UIInterfaceOrientationLandscapeRight";
				INFOPLIST_KEY_UISupportedInterfaceOrientations_iPhone = "UIInterfaceOrientationPortrait UIInterfaceOrientationLandscapeLeft UIInterfaceOrientationLandscapeRight";
				LD_RUNPATH_SEARCH_PATHS = (
					"$(inherited)",
					"@executable_path/Frameworks",
				);
				MARKETING_VERSION = 1.0;
				PRODUCT_BUNDLE_IDENTIFIER = "white-wolf.Moonshot";
				PRODUCT_NAME = "$(TARGET_NAME)";
				SWIFT_EMIT_LOC_STRINGS = YES;
				SWIFT_VERSION = 5.0;
				TARGETED_DEVICE_FAMILY = "1,2";
			};
			name = Debug;
		};
		CAF12F092B87449B00E347B6 /* Release */ = {
			isa = XCBuildConfiguration;
			buildSettings = {
				ASSETCATALOG_COMPILER_APPICON_NAME = AppIcon;
				ASSETCATALOG_COMPILER_GLOBAL_ACCENT_COLOR_NAME = AccentColor;
				CODE_SIGN_STYLE = Automatic;
				CURRENT_PROJECT_VERSION = 1;
				DEVELOPMENT_ASSET_PATHS = "\"Moonshot/Preview Content\"";
				DEVELOPMENT_TEAM = VY6BU9F56X;
				ENABLE_PREVIEWS = YES;
				GENERATE_INFOPLIST_FILE = YES;
				INFOPLIST_KEY_UIApplicationSceneManifest_Generation = YES;
				INFOPLIST_KEY_UIApplicationSupportsIndirectInputEvents = YES;
				INFOPLIST_KEY_UILaunchScreen_Generation = YES;
				INFOPLIST_KEY_UISupportedInterfaceOrientations_iPad = "UIInterfaceOrientationPortrait UIInterfaceOrientationPortraitUpsideDown UIInterfaceOrientationLandscapeLeft UIInterfaceOrientationLandscapeRight";
				INFOPLIST_KEY_UISupportedInterfaceOrientations_iPhone = "UIInterfaceOrientationPortrait UIInterfaceOrientationLandscapeLeft UIInterfaceOrientationLandscapeRight";
				LD_RUNPATH_SEARCH_PATHS = (
					"$(inherited)",
					"@executable_path/Frameworks",
				);
				MARKETING_VERSION = 1.0;
				PRODUCT_BUNDLE_IDENTIFIER = "white-wolf.Moonshot";
				PRODUCT_NAME = "$(TARGET_NAME)";
				SWIFT_EMIT_LOC_STRINGS = YES;
				SWIFT_VERSION = 5.0;
				TARGETED_DEVICE_FAMILY = "1,2";
			};
			name = Release;
		};
/* End XCBuildConfiguration section */

/* Begin XCConfigurationList section */
		CAF12EF42B87449A00E347B6 /* Build configuration list for PBXProject "Moonshot" */ = {
			isa = XCConfigurationList;
			buildConfigurations = (
				CAF12F052B87449B00E347B6 /* Debug */,
				CAF12F062B87449B00E347B6 /* Release */,
			);
			defaultConfigurationIsVisible = 0;
			defaultConfigurationName = Release;
		};
		CAF12F072B87449B00E347B6 /* Build configuration list for PBXNativeTarget "Moonshot" */ = {
			isa = XCConfigurationList;
			buildConfigurations = (
				CAF12F082B87449B00E347B6 /* Debug */,
				CAF12F092B87449B00E347B6 /* Release */,
			);
			defaultConfigurationIsVisible = 0;
			defaultConfigurationName = Release;
		};
/* End XCConfigurationList section */
	};
	rootObject = CAF12EF12B87449A00E347B6 /* Project object */;
}
